
Microsoft Visual Studio Solution File, Format Version 12.00
# Visual Studio 15
VisualStudioVersion = 15.0.26124.0
MinimumVisualStudioVersion = 15.0.26124.0
Project("{2150E333-8FDC-42A3-9474-1A3956D46DE8}") = "Inventory", "Inventory", "{164642BC-E7B9-4C7F-A3B5-1EA4EFA63892}"
EndProject
Project("{FAE04EC0-301F-11D3-BF4B-00C04F79EFBC}") = "Api", "Src\Inventory\Api\Api.csproj", "{AAF1C1C7-3D23-4B9D-8AC4-2A79D7B8265F}"
EndProject
Project("{FAE04EC0-301F-11D3-BF4B-00C04F79EFBC}") = "Domain", "Src\Inventory\Domain\Domain.csproj", "{2829D368-685B-4FCE-A2C0-8F58FCFECB34}"
EndProject
Project("{FAE04EC0-301F-11D3-BF4B-00C04F79EFBC}") = "UI.Web", "Src\Inventory\UI.Web\UI.Web.csproj", "{77106AEB-E2EF-4421-8A80-9D174E9FEFC3}"
EndProject
Project("{FAE04EC0-301F-11D3-BF4B-00C04F79EFBC}") = "MaterializedViews", "Src\Inventory\MaterializedViews\MaterializedViews.csproj", "{433A1979-02D2-4B09-B188-033DCAEDA943}"
EndProject
Project("{FAE04EC0-301F-11D3-BF4B-00C04F79EFBC}") = "Infrastructure", "Src\Inventory\Infrastructure\Infrastructure.csproj", "{D2E98A1B-1A24-45EC-B893-951D7D08A5BD}"
EndProject
Project("{2150E333-8FDC-42A3-9474-1A3956D46DE8}") = "Auth", "Auth", "{A5DAE475-4056-4409-B327-D80828B6D54C}"
EndProject
Project("{FAE04EC0-301F-11D3-BF4B-00C04F79EFBC}") = "Api", "Src\Auth\Api\Api.csproj", "{5F49F876-5C51-4227-8331-E60D3151EF85}"
EndProject
Project("{FAE04EC0-301F-11D3-BF4B-00C04F79EFBC}") = "Domain", "Src\Auth\Domain\Domain.csproj", "{471B68E0-A952-4106-A4E6-706153019C27}"
EndProject
Project("{FAE04EC0-301F-11D3-BF4B-00C04F79EFBC}") = "Infrastructure", "Src\Auth\Infrastructure\Infrastructure.csproj", "{E0718028-F286-4163-9863-749495CB4E8B}"
EndProject
Global
	GlobalSection(SolutionConfigurationPlatforms) = preSolution
		Debug|Any CPU = Debug|Any CPU
		Debug|x64 = Debug|x64
		Debug|x86 = Debug|x86
		Release|Any CPU = Release|Any CPU
		Release|x64 = Release|x64
		Release|x86 = Release|x86
	EndGlobalSection
	GlobalSection(SolutionProperties) = preSolution
		HideSolutionNode = FALSE
	EndGlobalSection
	GlobalSection(ProjectConfigurationPlatforms) = postSolution
		{AAF1C1C7-3D23-4B9D-8AC4-2A79D7B8265F}.Debug|Any CPU.ActiveCfg = Debug|Any CPU
		{AAF1C1C7-3D23-4B9D-8AC4-2A79D7B8265F}.Debug|Any CPU.Build.0 = Debug|Any CPU
		{AAF1C1C7-3D23-4B9D-8AC4-2A79D7B8265F}.Debug|x64.ActiveCfg = Debug|x64
		{AAF1C1C7-3D23-4B9D-8AC4-2A79D7B8265F}.Debug|x64.Build.0 = Debug|x64
		{AAF1C1C7-3D23-4B9D-8AC4-2A79D7B8265F}.Debug|x86.ActiveCfg = Debug|x86
		{AAF1C1C7-3D23-4B9D-8AC4-2A79D7B8265F}.Debug|x86.Build.0 = Debug|x86
		{AAF1C1C7-3D23-4B9D-8AC4-2A79D7B8265F}.Release|Any CPU.ActiveCfg = Release|Any CPU
		{AAF1C1C7-3D23-4B9D-8AC4-2A79D7B8265F}.Release|Any CPU.Build.0 = Release|Any CPU
		{AAF1C1C7-3D23-4B9D-8AC4-2A79D7B8265F}.Release|x64.ActiveCfg = Release|x64
		{AAF1C1C7-3D23-4B9D-8AC4-2A79D7B8265F}.Release|x64.Build.0 = Release|x64
		{AAF1C1C7-3D23-4B9D-8AC4-2A79D7B8265F}.Release|x86.ActiveCfg = Release|x86
		{AAF1C1C7-3D23-4B9D-8AC4-2A79D7B8265F}.Release|x86.Build.0 = Release|x86
		{2829D368-685B-4FCE-A2C0-8F58FCFECB34}.Debug|Any CPU.ActiveCfg = Debug|Any CPU
		{2829D368-685B-4FCE-A2C0-8F58FCFECB34}.Debug|Any CPU.Build.0 = Debug|Any CPU
		{2829D368-685B-4FCE-A2C0-8F58FCFECB34}.Debug|x64.ActiveCfg = Debug|x64
		{2829D368-685B-4FCE-A2C0-8F58FCFECB34}.Debug|x64.Build.0 = Debug|x64
		{2829D368-685B-4FCE-A2C0-8F58FCFECB34}.Debug|x86.ActiveCfg = Debug|x86
		{2829D368-685B-4FCE-A2C0-8F58FCFECB34}.Debug|x86.Build.0 = Debug|x86
		{2829D368-685B-4FCE-A2C0-8F58FCFECB34}.Release|Any CPU.ActiveCfg = Release|Any CPU
		{2829D368-685B-4FCE-A2C0-8F58FCFECB34}.Release|Any CPU.Build.0 = Release|Any CPU
		{2829D368-685B-4FCE-A2C0-8F58FCFECB34}.Release|x64.ActiveCfg = Release|x64
		{2829D368-685B-4FCE-A2C0-8F58FCFECB34}.Release|x64.Build.0 = Release|x64
		{2829D368-685B-4FCE-A2C0-8F58FCFECB34}.Release|x86.ActiveCfg = Release|x86
		{2829D368-685B-4FCE-A2C0-8F58FCFECB34}.Release|x86.Build.0 = Release|x86
		{77106AEB-E2EF-4421-8A80-9D174E9FEFC3}.Debug|Any CPU.ActiveCfg = Debug|Any CPU
		{77106AEB-E2EF-4421-8A80-9D174E9FEFC3}.Debug|Any CPU.Build.0 = Debug|Any CPU
		{77106AEB-E2EF-4421-8A80-9D174E9FEFC3}.Debug|x64.ActiveCfg = Debug|x64
		{77106AEB-E2EF-4421-8A80-9D174E9FEFC3}.Debug|x64.Build.0 = Debug|x64
		{77106AEB-E2EF-4421-8A80-9D174E9FEFC3}.Debug|x86.ActiveCfg = Debug|x86
		{77106AEB-E2EF-4421-8A80-9D174E9FEFC3}.Debug|x86.Build.0 = Debug|x86
		{77106AEB-E2EF-4421-8A80-9D174E9FEFC3}.Release|Any CPU.ActiveCfg = Release|Any CPU
		{77106AEB-E2EF-4421-8A80-9D174E9FEFC3}.Release|Any CPU.Build.0 = Release|Any CPU
		{77106AEB-E2EF-4421-8A80-9D174E9FEFC3}.Release|x64.ActiveCfg = Release|x64
		{77106AEB-E2EF-4421-8A80-9D174E9FEFC3}.Release|x64.Build.0 = Release|x64
		{77106AEB-E2EF-4421-8A80-9D174E9FEFC3}.Release|x86.ActiveCfg = Release|x86
		{77106AEB-E2EF-4421-8A80-9D174E9FEFC3}.Release|x86.Build.0 = Release|x86
		{433A1979-02D2-4B09-B188-033DCAEDA943}.Debug|Any CPU.ActiveCfg = Debug|Any CPU
		{433A1979-02D2-4B09-B188-033DCAEDA943}.Debug|Any CPU.Build.0 = Debug|Any CPU
		{433A1979-02D2-4B09-B188-033DCAEDA943}.Debug|x64.ActiveCfg = Debug|x64
		{433A1979-02D2-4B09-B188-033DCAEDA943}.Debug|x64.Build.0 = Debug|x64
		{433A1979-02D2-4B09-B188-033DCAEDA943}.Debug|x86.ActiveCfg = Debug|x86
		{433A1979-02D2-4B09-B188-033DCAEDA943}.Debug|x86.Build.0 = Debug|x86
		{433A1979-02D2-4B09-B188-033DCAEDA943}.Release|Any CPU.ActiveCfg = Release|Any CPU
		{433A1979-02D2-4B09-B188-033DCAEDA943}.Release|Any CPU.Build.0 = Release|Any CPU
		{433A1979-02D2-4B09-B188-033DCAEDA943}.Release|x64.ActiveCfg = Release|x64
		{433A1979-02D2-4B09-B188-033DCAEDA943}.Release|x64.Build.0 = Release|x64
		{433A1979-02D2-4B09-B188-033DCAEDA943}.Release|x86.ActiveCfg = Release|x86
		{433A1979-02D2-4B09-B188-033DCAEDA943}.Release|x86.Build.0 = Release|x86
		{D2E98A1B-1A24-45EC-B893-951D7D08A5BD}.Debug|Any CPU.ActiveCfg = Debug|Any CPU
		{D2E98A1B-1A24-45EC-B893-951D7D08A5BD}.Debug|Any CPU.Build.0 = Debug|Any CPU
		{D2E98A1B-1A24-45EC-B893-951D7D08A5BD}.Debug|x64.ActiveCfg = Debug|x64
		{D2E98A1B-1A24-45EC-B893-951D7D08A5BD}.Debug|x64.Build.0 = Debug|x64
		{D2E98A1B-1A24-45EC-B893-951D7D08A5BD}.Debug|x86.ActiveCfg = Debug|x86
		{D2E98A1B-1A24-45EC-B893-951D7D08A5BD}.Debug|x86.Build.0 = Debug|x86
		{D2E98A1B-1A24-45EC-B893-951D7D08A5BD}.Release|Any CPU.ActiveCfg = Release|Any CPU
		{D2E98A1B-1A24-45EC-B893-951D7D08A5BD}.Release|Any CPU.Build.0 = Release|Any CPU
		{D2E98A1B-1A24-45EC-B893-951D7D08A5BD}.Release|x64.ActiveCfg = Release|x64
		{D2E98A1B-1A24-45EC-B893-951D7D08A5BD}.Release|x64.Build.0 = Release|x64
		{D2E98A1B-1A24-45EC-B893-951D7D08A5BD}.Release|x86.ActiveCfg = Release|x86
		{D2E98A1B-1A24-45EC-B893-951D7D08A5BD}.Release|x86.Build.0 = Release|x86
		{5F49F876-5C51-4227-8331-E60D3151EF85}.Debug|Any CPU.ActiveCfg = Debug|Any CPU
		{5F49F876-5C51-4227-8331-E60D3151EF85}.Debug|Any CPU.Build.0 = Debug|Any CPU
		{5F49F876-5C51-4227-8331-E60D3151EF85}.Debug|x64.ActiveCfg = Debug|x64
		{5F49F876-5C51-4227-8331-E60D3151EF85}.Debug|x64.Build.0 = Debug|x64
		{5F49F876-5C51-4227-8331-E60D3151EF85}.Debug|x86.ActiveCfg = Debug|x86
		{5F49F876-5C51-4227-8331-E60D3151EF85}.Debug|x86.Build.0 = Debug|x86
		{5F49F876-5C51-4227-8331-E60D3151EF85}.Release|Any CPU.ActiveCfg = Release|Any CPU
		{5F49F876-5C51-4227-8331-E60D3151EF85}.Release|Any CPU.Build.0 = Release|Any CPU
		{5F49F876-5C51-4227-8331-E60D3151EF85}.Release|x64.ActiveCfg = Release|x64
		{5F49F876-5C51-4227-8331-E60D3151EF85}.Release|x64.Build.0 = Release|x64
		{5F49F876-5C51-4227-8331-E60D3151EF85}.Release|x86.ActiveCfg = Release|x86
		{5F49F876-5C51-4227-8331-E60D3151EF85}.Release|x86.Build.0 = Release|x86
		{471B68E0-A952-4106-A4E6-706153019C27}.Debug|Any CPU.ActiveCfg = Debug|Any CPU
		{471B68E0-A952-4106-A4E6-706153019C27}.Debug|Any CPU.Build.0 = Debug|Any CPU
		{471B68E0-A952-4106-A4E6-706153019C27}.Debug|x64.ActiveCfg = Debug|x64
		{471B68E0-A952-4106-A4E6-706153019C27}.Debug|x64.Build.0 = Debug|x64
		{471B68E0-A952-4106-A4E6-706153019C27}.Debug|x86.ActiveCfg = Debug|x86
		{471B68E0-A952-4106-A4E6-706153019C27}.Debug|x86.Build.0 = Debug|x86
		{471B68E0-A952-4106-A4E6-706153019C27}.Release|Any CPU.ActiveCfg = Release|Any CPU
		{471B68E0-A952-4106-A4E6-706153019C27}.Release|Any CPU.Build.0 = Release|Any CPU
		{471B68E0-A952-4106-A4E6-706153019C27}.Release|x64.ActiveCfg = Release|x64
		{471B68E0-A952-4106-A4E6-706153019C27}.Release|x64.Build.0 = Release|x64
		{471B68E0-A952-4106-A4E6-706153019C27}.Release|x86.ActiveCfg = Release|x86
		{471B68E0-A952-4106-A4E6-706153019C27}.Release|x86.Build.0 = Release|x86
		{E0718028-F286-4163-9863-749495CB4E8B}.Debug|Any CPU.ActiveCfg = Debug|Any CPU
		{E0718028-F286-4163-9863-749495CB4E8B}.Debug|Any CPU.Build.0 = Debug|Any CPU
		{E0718028-F286-4163-9863-749495CB4E8B}.Debug|x64.ActiveCfg = Debug|x64
		{E0718028-F286-4163-9863-749495CB4E8B}.Debug|x64.Build.0 = Debug|x64
		{E0718028-F286-4163-9863-749495CB4E8B}.Debug|x86.ActiveCfg = Debug|x86
		{E0718028-F286-4163-9863-749495CB4E8B}.Debug|x86.Build.0 = Debug|x86
		{E0718028-F286-4163-9863-749495CB4E8B}.Release|Any CPU.ActiveCfg = Release|Any CPU
		{E0718028-F286-4163-9863-749495CB4E8B}.Release|Any CPU.Build.0 = Release|Any CPU
		{E0718028-F286-4163-9863-749495CB4E8B}.Release|x64.ActiveCfg = Release|x64
		{E0718028-F286-4163-9863-749495CB4E8B}.Release|x64.Build.0 = Release|x64
		{E0718028-F286-4163-9863-749495CB4E8B}.Release|x86.ActiveCfg = Release|x86
		{E0718028-F286-4163-9863-749495CB4E8B}.Release|x86.Build.0 = Release|x86
	EndGlobalSection
	GlobalSection(NestedProjects) = preSolution
		{AAF1C1C7-3D23-4B9D-8AC4-2A79D7B8265F} = {164642BC-E7B9-4C7F-A3B5-1EA4EFA63892}
		{2829D368-685B-4FCE-A2C0-8F58FCFECB34} = {164642BC-E7B9-4C7F-A3B5-1EA4EFA63892}
		{77106AEB-E2EF-4421-8A80-9D174E9FEFC3} = {164642BC-E7B9-4C7F-A3B5-1EA4EFA63892}
		{433A1979-02D2-4B09-B188-033DCAEDA943} = {164642BC-E7B9-4C7F-A3B5-1EA4EFA63892}
		{D2E98A1B-1A24-45EC-B893-951D7D08A5BD} = {164642BC-E7B9-4C7F-A3B5-1EA4EFA63892}
		{5F49F876-5C51-4227-8331-E60D3151EF85} = {A5DAE475-4056-4409-B327-D80828B6D54C}
		{471B68E0-A952-4106-A4E6-706153019C27} = {A5DAE475-4056-4409-B327-D80828B6D54C}
		{E0718028-F286-4163-9863-749495CB4E8B} = {A5DAE475-4056-4409-B327-D80828B6D54C}
	EndGlobalSection
EndGlobal
